{
  "requires": true,
  "lockfileVersion": 1,
  "dependencies": {
    "@novnc/novnc": {
      "version": "1.1.0",
      "resolved": "https://registry.npmjs.org/@novnc/novnc/-/novnc-1.1.0.tgz",
      "integrity": "sha512-W90Q79EuCYT++39aT/VKGyk7hUt2gPN3rN+ifPUvY4rdjgZlfwdCg9q7yzj04hke/zgdHsbXFfyFijBvrRuU5A=="
    }
  }
}
